
Microsoft Visual Studio Solution File, Format Version 12.00
# Visual Studio Express 2013 for Windows Desktop
VisualStudioVersion = 12.0.40629.0
MinimumVisualStudioVersion = 10.0.40219.1
Project("{FAE04EC0-301F-11D3-BF4B-00C04F79EFBC}") = "Ping_20m", "Ping_20m\Ping_20m.csproj", "{62B2AB73-A515-4B8E-8B71-886BB88D80DB}"
EndProject
Global
	GlobalSection(SolutionConfigurationPlatforms) = preSolution
		Debug|Any CPU = Debug|Any CPU
		Release|Any CPU = Release|Any CPU
	EndGlobalSection
	GlobalSection(ProjectConfigurationPlatforms) = postSolution
		{62B2AB73-A515-4B8E-8B71-886BB88D80DB}.Debug|Any CPU.ActiveCfg = Debug|Any CPU
		{62B2AB73-A515-4B8E-8B71-886BB88D80DB}.Debug|Any CPU.Build.0 = Debug|Any CPU
		{62B2AB73-A515-4B8E-8B71-886BB88D80DB}.Debug|Any CPU.Deploy.0 = Debug|Any CPU
		{62B2AB73-A515-4B8E-8B71-886BB88D80DB}.Release|Any CPU.ActiveCfg = Release|Any CPU
		{62B2AB73-A515-4B8E-8B71-886BB88D80DB}.Release|Any CPU.Build.0 = Release|Any CPU
		{62B2AB73-A515-4B8E-8B71-886BB88D80DB}.Release|Any CPU.Deploy.0 = Release|Any CPU
	EndGlobalSection
	GlobalSection(SolutionProperties) = preSolution
		HideSolutionNode = FALSE
	EndGlobalSection
EndGlobal
